Microsoft Visual Studio Solution File, Format Version 12.00
# Visual Studio Version 17
VisualStudioVersion = 17.5.2.0
MinimumVisualStudioVersion = 10.0.40219.1
Project("{FAE04EC0-301F-11D3-BF4B-00C04F79EFBC}") = "kt3-ado-net", "kt3-ado-net.csproj", "{55B97486-AF91-1A9A-9B4B-DD19165B5775}"
EndProject
Global
	GlobalSection(SolutionConfigurationPlatforms) = preSolution
		Debug|Any CPU = Debug|Any CPU
		Release|Any CPU = Release|Any CPU
	EndGlobalSection
	GlobalSection(ProjectConfigurationPlatforms) = postSolution
		{55B97486-AF91-1A9A-9B4B-DD19165B5775}.Debug|Any CPU.ActiveCfg = Debug|Any CPU
		{55B97486-AF91-1A9A-9B4B-DD19165B5775}.Debug|Any CPU.Build.0 = Debug|Any CPU
		{55B97486-AF91-1A9A-9B4B-DD19165B5775}.Release|Any CPU.ActiveCfg = Release|Any CPU
		{55B97486-AF91-1A9A-9B4B-DD19165B5775}.Release|Any CPU.Build.0 = Release|Any CPU
	EndGlobalSection
	GlobalSection(SolutionProperties) = preSolution
		HideSolutionNode = FALSE
	EndGlobalSection
	GlobalSection(ExtensibilityGlobals) = postSolution
		SolutionGuid = {EBC6B7CE-5E53-48D8-858A-973A2C23FB32}
	EndGlobalSection
EndGlobal
